
Microsoft Visual Studio Solution File, Format Version 12.00
# Visual Studio 15
VisualStudioVersion = 15.0.28010.2048
MinimumVisualStudioVersion = 10.0.40219.1
Project("{FAE04EC0-301F-11D3-BF4B-00C04F79EFBC}") = "wise-test", "wise-test\wise-test.csproj", "{AC7528E2-6F0B-468F-8308-02D7FF393712}"
EndProject
Global
	GlobalSection(SolutionConfigurationPlatforms) = preSolution
		Debug|Any CPU = Debug|Any CPU
		Release|Any CPU = Release|Any CPU
	EndGlobalSection
	GlobalSection(ProjectConfigurationPlatforms) = postSolution
		{AC7528E2-6F0B-468F-8308-02D7FF393712}.Debug|Any CPU.ActiveCfg = Debug|Any CPU
		{AC7528E2-6F0B-468F-8308-02D7FF393712}.Debug|Any CPU.Build.0 = Debug|Any CPU
		{AC7528E2-6F0B-468F-8308-02D7FF393712}.Release|Any CPU.ActiveCfg = Release|Any CPU
		{AC7528E2-6F0B-468F-8308-02D7FF393712}.Release|Any CPU.Build.0 = Release|Any CPU
	EndGlobalSection
	GlobalSection(SolutionProperties) = preSolution
		HideSolutionNode = FALSE
	EndGlobalSection
	GlobalSection(ExtensibilityGlobals) = postSolution
		SolutionGuid = {3ED45F00-6A08-4018-A90A-AC5762B576C1}
	EndGlobalSection
EndGlobal
